
Microsoft Visual Studio Solution File, Format Version 12.00
# Visual Studio Version 16
VisualStudioVersion = 16.0.30804.86
MinimumVisualStudioVersion = 10.0.40219.1
Project("{FAE04EC0-301F-11D3-BF4B-00C04F79EFBC}") = "ClassMethodDemo", "ClassMethodDemo\ClassMethodDemo.csproj", "{25E6F147-3417-4171-A153-538D30ED549D}"
EndProject
Global
	GlobalSection(SolutionConfigurationPlatforms) = preSolution
		Debug|Any CPU = Debug|Any CPU
		Release|Any CPU = Release|Any CPU
	EndGlobalSection
	GlobalSection(ProjectConfigurationPlatforms) = postSolution
		{25E6F147-3417-4171-A153-538D30ED549D}.Debug|Any CPU.ActiveCfg = Debug|Any CPU
		{25E6F147-3417-4171-A153-538D30ED549D}.Debug|Any CPU.Build.0 = Debug|Any CPU
		{25E6F147-3417-4171-A153-538D30ED549D}.Release|Any CPU.ActiveCfg = Release|Any CPU
		{25E6F147-3417-4171-A153-538D30ED549D}.Release|Any CPU.Build.0 = Release|Any CPU
	EndGlobalSection
	GlobalSection(SolutionProperties) = preSolution
		HideSolutionNode = FALSE
	EndGlobalSection
	GlobalSection(ExtensibilityGlobals) = postSolution
		SolutionGuid = {30281764-3C84-4568-A3CC-CD524B9A0DA0}
	EndGlobalSection
EndGlobal
